
Microsoft Visual Studio Solution File, Format Version 12.00
# Visual Studio Version 17
VisualStudioVersion = 17.5.33424.131
MinimumVisualStudioVersion = 10.0.40219.1
Project("{2150E333-8FDC-42A3-9474-1A3956D46DE8}") = "src", "src", "{D15002FA-D77D-4567-8D21-223BE920BDFE}"
EndProject
Project("{2150E333-8FDC-42A3-9474-1A3956D46DE8}") = "test", "test", "{5343B8A9-98DC-4D95-9B5A-E6D5DFA20BE6}"
EndProject
Project("{2150E333-8FDC-42A3-9474-1A3956D46DE8}") = "API", "API", "{20A22A77-220E-49B2-949F-F9A7C7279E0F}"
EndProject
Project("{2150E333-8FDC-42A3-9474-1A3956D46DE8}") = "Dominio", "Dominio", "{8C00C670-AB7B-4D2A-BACC-A304D3904AB2}"
EndProject
Project("{2150E333-8FDC-42A3-9474-1A3956D46DE8}") = "Infraestructura", "Infraestructura", "{A9055150-1154-49A0-9F26-1DDA5F0ED6CE}"
EndProject
Project("{2150E333-8FDC-42A3-9474-1A3956D46DE8}") = "Dominio", "Dominio", "{5964A1CF-AE84-41CE-8189-DCD22F1D3A7A}"
EndProject
Project("{2150E333-8FDC-42A3-9474-1A3956D46DE8}") = "Infraestructura", "Infraestructura", "{1DB76C77-EE17-4643-AD99-001EE728E8CC}"
EndProject
Project("{9A19103F-16F7-4668-BE54-9A1E7A4F7556}") = "Test.Infraestructura", "Test.Infraestructura\Test.Infraestructura.csproj", "{9C2183D6-6DA6-47AA-8653-CC602301E2F7}"
EndProject
Project("{9A19103F-16F7-4668-BE54-9A1E7A4F7556}") = "Api.Mongo", "Api.Mongo\Api.Mongo.csproj", "{2D4A94BD-10E4-4F35-8E4F-0F5CC07C6E86}"
EndProject
Project("{9A19103F-16F7-4668-BE54-9A1E7A4F7556}") = "Adaptador.Mongo", "Adaptador.Mongo\Adaptador.Mongo.csproj", "{B3AA7FEF-4D21-4246-B1BB-C6937F86A9FE}"
EndProject
Project("{FAE04EC0-301F-11D3-BF4B-00C04F79EFBC}") = "Mongo.Dominio", "Mongo.Dominio\Mongo.Dominio.csproj", "{E07512D0-BEFF-435A-8DB1-199C58128326}"
EndProject
Project("{FAE04EC0-301F-11D3-BF4B-00C04F79EFBC}") = "Mongo.CasoDeUso", "Mongo.CasoDeUso\Mongo.CasoDeUso.csproj", "{AEB107B3-1CC9-4EBE-90FE-726626340470}"
EndProject
Global
	GlobalSection(SolutionConfigurationPlatforms) = preSolution
		Debug|Any CPU = Debug|Any CPU
		Release|Any CPU = Release|Any CPU
	EndGlobalSection
	GlobalSection(ProjectConfigurationPlatforms) = postSolution
		{9C2183D6-6DA6-47AA-8653-CC602301E2F7}.Debug|Any CPU.ActiveCfg = Debug|Any CPU
		{9C2183D6-6DA6-47AA-8653-CC602301E2F7}.Debug|Any CPU.Build.0 = Debug|Any CPU
		{9C2183D6-6DA6-47AA-8653-CC602301E2F7}.Release|Any CPU.ActiveCfg = Release|Any CPU
		{9C2183D6-6DA6-47AA-8653-CC602301E2F7}.Release|Any CPU.Build.0 = Release|Any CPU
		{2D4A94BD-10E4-4F35-8E4F-0F5CC07C6E86}.Debug|Any CPU.ActiveCfg = Debug|Any CPU
		{2D4A94BD-10E4-4F35-8E4F-0F5CC07C6E86}.Debug|Any CPU.Build.0 = Debug|Any CPU
		{2D4A94BD-10E4-4F35-8E4F-0F5CC07C6E86}.Release|Any CPU.ActiveCfg = Release|Any CPU
		{2D4A94BD-10E4-4F35-8E4F-0F5CC07C6E86}.Release|Any CPU.Build.0 = Release|Any CPU
		{B3AA7FEF-4D21-4246-B1BB-C6937F86A9FE}.Debug|Any CPU.ActiveCfg = Debug|Any CPU
		{B3AA7FEF-4D21-4246-B1BB-C6937F86A9FE}.Debug|Any CPU.Build.0 = Debug|Any CPU
		{B3AA7FEF-4D21-4246-B1BB-C6937F86A9FE}.Release|Any CPU.ActiveCfg = Release|Any CPU
		{B3AA7FEF-4D21-4246-B1BB-C6937F86A9FE}.Release|Any CPU.Build.0 = Release|Any CPU
		{E07512D0-BEFF-435A-8DB1-199C58128326}.Debug|Any CPU.ActiveCfg = Debug|Any CPU
		{E07512D0-BEFF-435A-8DB1-199C58128326}.Debug|Any CPU.Build.0 = Debug|Any CPU
		{E07512D0-BEFF-435A-8DB1-199C58128326}.Release|Any CPU.ActiveCfg = Release|Any CPU
		{E07512D0-BEFF-435A-8DB1-199C58128326}.Release|Any CPU.Build.0 = Release|Any CPU
		{AEB107B3-1CC9-4EBE-90FE-726626340470}.Debug|Any CPU.ActiveCfg = Debug|Any CPU
		{AEB107B3-1CC9-4EBE-90FE-726626340470}.Debug|Any CPU.Build.0 = Debug|Any CPU
		{AEB107B3-1CC9-4EBE-90FE-726626340470}.Release|Any CPU.ActiveCfg = Release|Any CPU
		{AEB107B3-1CC9-4EBE-90FE-726626340470}.Release|Any CPU.Build.0 = Release|Any CPU
	EndGlobalSection
	GlobalSection(SolutionProperties) = preSolution
		HideSolutionNode = FALSE
	EndGlobalSection
	GlobalSection(NestedProjects) = preSolution
		{20A22A77-220E-49B2-949F-F9A7C7279E0F} = {D15002FA-D77D-4567-8D21-223BE920BDFE}
		{8C00C670-AB7B-4D2A-BACC-A304D3904AB2} = {D15002FA-D77D-4567-8D21-223BE920BDFE}
		{A9055150-1154-49A0-9F26-1DDA5F0ED6CE} = {D15002FA-D77D-4567-8D21-223BE920BDFE}
		{5964A1CF-AE84-41CE-8189-DCD22F1D3A7A} = {5343B8A9-98DC-4D95-9B5A-E6D5DFA20BE6}
		{1DB76C77-EE17-4643-AD99-001EE728E8CC} = {5343B8A9-98DC-4D95-9B5A-E6D5DFA20BE6}
		{9C2183D6-6DA6-47AA-8653-CC602301E2F7} = {1DB76C77-EE17-4643-AD99-001EE728E8CC}
		{2D4A94BD-10E4-4F35-8E4F-0F5CC07C6E86} = {20A22A77-220E-49B2-949F-F9A7C7279E0F}
		{B3AA7FEF-4D21-4246-B1BB-C6937F86A9FE} = {A9055150-1154-49A0-9F26-1DDA5F0ED6CE}
		{E07512D0-BEFF-435A-8DB1-199C58128326} = {8C00C670-AB7B-4D2A-BACC-A304D3904AB2}
		{AEB107B3-1CC9-4EBE-90FE-726626340470} = {8C00C670-AB7B-4D2A-BACC-A304D3904AB2}
	EndGlobalSection
	GlobalSection(ExtensibilityGlobals) = postSolution
		SolutionGuid = {8108F946-0D7B-443D-8600-222AC6A55E8A}
	EndGlobalSection
EndGlobal
